// !$*UTF8*$!
{
	archiveVersion = 1;
	classes = {
	};
	objectVersion = 55;
	objects = {

/* Begin PBXBuildFile section */
		ED08F47527F36E9F00BC0E13 /* CurriculumAppApp.swift in Sources */ = {isa = PBXBuildFile; fileRef = ED08F47427F36E9F00BC0E13 /* CurriculumAppApp.swift */; };
		ED08F47727F36E9F00BC0E13 /* ContentView.swift in Sources */ = {isa = PBXBuildFile; fileRef = ED08F47627F36E9F00BC0E13 /* ContentView.swift */; };
		ED08F47927F36EA200BC0E13 /* Assets.xcassets in Resources */ = {isa = PBXBuildFile; fileRef = ED08F47827F36EA200BC0E13 /* Assets.xcassets */; };
		ED08F47C27F36EA200BC0E13 /* Preview Assets.xcassets in Resources */ = {isa = PBXBuildFile; fileRef = ED08F47B27F36EA200BC0E13 /* Preview Assets.xcassets */; };
		ED08F4C627F492DC00BC0E13 /* WelcomeView.swift in Sources */ = {isa = PBXBuildFile; fileRef = ED08F4C527F492DC00BC0E13 /* WelcomeView.swift */; };
		ED67508627FDEA7100911BF4 /* HomeView.swift in Sources */ = {isa = PBXBuildFile; fileRef = ED67508527FDEA7100911BF4 /* HomeView.swift */; };
		ED67508827FDEA7B00911BF4 /* CurriculumView.swift in Sources */ = {isa = PBXBuildFile; fileRef = ED67508727FDEA7B00911BF4 /* CurriculumView.swift */; };
		ED67508C27FDEA9300911BF4 /* PassionView.swift in Sources */ = {isa = PBXBuildFile; fileRef = ED67508B27FDEA9300911BF4 /* PassionView.swift */; };
		ED67508E27FDEB9400911BF4 /* CourseItemView.swift in Sources */ = {isa = PBXBuildFile; fileRef = ED67508D27FDEB9400911BF4 /* CourseItemView.swift */; };
		ED67509527FECD8900911BF4 /* courses.json in Resources */ = {isa = PBXBuildFile; fileRef = ED67509427FECD8900911BF4 /* courses.json */; };
		ED67509927FECE3100911BF4 /* CourseData.swift in Sources */ = {isa = PBXBuildFile; fileRef = ED67509827FECE3100911BF4 /* CourseData.swift */; };
		ED67509B27FECE8200911BF4 /* CourseViewModel.swift in Sources */ = {isa = PBXBuildFile; fileRef = ED67509A27FECE8200911BF4 /* CourseViewModel.swift */; };
		ED67509D27FEE2F400911BF4 /* CourseModel.swift in Sources */ = {isa = PBXBuildFile; fileRef = ED67509C27FEE2F400911BF4 /* CourseModel.swift */; };
		ED6F355A27FF59530059F763 /* CourseView.swift in Sources */ = {isa = PBXBuildFile; fileRef = ED6F355927FF59530059F763 /* CourseView.swift */; };
		EDAA8CB52801B4190033C6AF /* ProjectsItemView.swift in Sources */ = {isa = PBXBuildFile; fileRef = EDAA8CB42801B4190033C6AF /* ProjectsItemView.swift */; };
		EDAA8CB72801B66C0033C6AF /* ProjectsView.swift in Sources */ = {isa = PBXBuildFile; fileRef = EDAA8CB62801B66C0033C6AF /* ProjectsView.swift */; };
		EDFDFE1E281037B20022F113 /* PassionData.swift in Sources */ = {isa = PBXBuildFile; fileRef = EDFDFE1D281037B20022F113 /* PassionData.swift */; };
		EDFDFE20281037D70022F113 /* PassionModel.swift in Sources */ = {isa = PBXBuildFile; fileRef = EDFDFE1F281037D70022F113 /* PassionModel.swift */; };
		EDFDFE22281038080022F113 /* PassionViewModel.swift in Sources */ = {isa = PBXBuildFile; fileRef = EDFDFE21281038080022F113 /* PassionViewModel.swift */; };
		EDFDFE232810492D0022F113 /* passions.json in Resources */ = {isa = PBXBuildFile; fileRef = EDFDFE1B2810373B0022F113 /* passions.json */; };
		EDFDFE27281132B90022F113 /* PassionItemView.swift in Sources */ = {isa = PBXBuildFile; fileRef = EDFDFE26281132B90022F113 /* PassionItemView.swift */; };
		EDFDFE2F28114CE10022F113 /* PassionSheetView.swift in Sources */ = {isa = PBXBuildFile; fileRef = EDFDFE2E28114CE10022F113 /* PassionSheetView.swift */; };
		EDFDFE3128114E7D0022F113 /* RoundedCorner.swift in Sources */ = {isa = PBXBuildFile; fileRef = EDFDFE3028114E7D0022F113 /* RoundedCorner.swift */; };
/* End PBXBuildFile section */

/* Begin PBXFileReference section */
		ED08F47127F36E9F00BC0E13 /* CurriculumApp.app */ = {isa = PBXFileReference; explicitFileType = wrapper.application; includeInIndex = 0; path = CurriculumApp.app; sourceTree = BUILT_PRODUCTS_DIR; };
		ED08F47427F36E9F00BC0E13 /* CurriculumAppApp.swift */ = {isa = PBXFileReference; lastKnownFileType = sourcecode.swift; path = CurriculumAppApp.swift; sourceTree = "<group>"; };
		ED08F47627F36E9F00BC0E13 /* ContentView.swift */ = {isa = PBXFileReference; lastKnownFileType = sourcecode.swift; path = ContentView.swift; sourceTree = "<group>"; };
		ED08F47827F36EA200BC0E13 /* Assets.xcassets */ = {isa = PBXFileReference; lastKnownFileType = folder.assetcatalog; path = Assets.xcassets; sourceTree = "<group>"; };
		ED08F47B27F36EA200BC0E13 /* Preview Assets.xcassets */ = {isa = PBXFileReference; lastKnownFileType = folder.assetcatalog; path = "Preview Assets.xcassets"; sourceTree = "<group>"; };
		ED08F4C527F492DC00BC0E13 /* WelcomeView.swift */ = {isa = PBXFileReference; lastKnownFileType = sourcecode.swift; path = WelcomeView.swift; sourceTree = "<group>"; };
		ED67508527FDEA7100911BF4 /* HomeView.swift */ = {isa = PBXFileReference; lastKnownFileType = sourcecode.swift; path = HomeView.swift; sourceTree = "<group>"; };
		ED67508727FDEA7B00911BF4 /* CurriculumView.swift */ = {isa = PBXFileReference; lastKnownFileType = sourcecode.swift; path = CurriculumView.swift; sourceTree = "<group>"; };
		ED67508B27FDEA9300911BF4 /* PassionView.swift */ = {isa = PBXFileReference; lastKnownFileType = sourcecode.swift; path = PassionView.swift; sourceTree = "<group>"; };
		ED67508D27FDEB9400911BF4 /* CourseItemView.swift */ = {isa = PBXFileReference; lastKnownFileType = sourcecode.swift; path = CourseItemView.swift; sourceTree = "<group>"; };
		ED67509427FECD8900911BF4 /* courses.json */ = {isa = PBXFileReference; fileEncoding = 4; lastKnownFileType = text.json; path = courses.json; sourceTree = "<group>"; };
		ED67509827FECE3100911BF4 /* CourseData.swift */ = {isa = PBXFileReference; lastKnownFileType = sourcecode.swift; path = CourseData.swift; sourceTree = "<group>"; };
		ED67509A27FECE8200911BF4 /* CourseViewModel.swift */ = {isa = PBXFileReference; lastKnownFileType = sourcecode.swift; path = CourseViewModel.swift; sourceTree = "<group>"; };
		ED67509C27FEE2F400911BF4 /* CourseModel.swift */ = {isa = PBXFileReference; lastKnownFileType = sourcecode.swift; path = CourseModel.swift; sourceTree = "<group>"; };
		ED6F355927FF59530059F763 /* CourseView.swift */ = {isa = PBXFileReference; lastKnownFileType = sourcecode.swift; path = CourseView.swift; sourceTree = "<group>"; };
		EDAA8CB42801B4190033C6AF /* ProjectsItemView.swift */ = {isa = PBXFileReference; lastKnownFileType = sourcecode.swift; path = ProjectsItemView.swift; sourceTree = "<group>"; };
		EDAA8CB62801B66C0033C6AF /* ProjectsView.swift */ = {isa = PBXFileReference; lastKnownFileType = sourcecode.swift; path = ProjectsView.swift; sourceTree = "<group>"; };
		EDFDFE1B2810373B0022F113 /* passions.json */ = {isa = PBXFileReference; lastKnownFileType = text.json; path = passions.json; sourceTree = "<group>"; };
		EDFDFE1D281037B20022F113 /* PassionData.swift */ = {isa = PBXFileReference; lastKnownFileType = sourcecode.swift; path = PassionData.swift; sourceTree = "<group>"; };
		EDFDFE1F281037D70022F113 /* PassionModel.swift */ = {isa = PBXFileReference; lastKnownFileType = sourcecode.swift; path = PassionModel.swift; sourceTree = "<group>"; };
		EDFDFE21281038080022F113 /* PassionViewModel.swift */ = {isa = PBXFileReference; lastKnownFileType = sourcecode.swift; path = PassionViewModel.swift; sourceTree = "<group>"; };
		EDFDFE26281132B90022F113 /* PassionItemView.swift */ = {isa = PBXFileReference; lastKnownFileType = sourcecode.swift; path = PassionItemView.swift; sourceTree = "<group>"; };
		EDFDFE2E28114CE10022F113 /* PassionSheetView.swift */ = {isa = PBXFileReference; lastKnownFileType = sourcecode.swift; path = PassionSheetView.swift; sourceTree = "<group>"; };
		EDFDFE3028114E7D0022F113 /* RoundedCorner.swift */ = {isa = PBXFileReference; lastKnownFileType = sourcecode.swift; path = RoundedCorner.swift; sourceTree = "<group>"; };
/* End PBXFileReference section */

/* Begin PBXFrameworksBuildPhase section */
		ED08F46E27F36E9F00BC0E13 /* Frameworks */ = {
			isa = PBXFrameworksBuildPhase;
			buildActionMask = 2147483647;
			files = (
			);
			runOnlyForDeploymentPostprocessing = 0;
		};
/* End PBXFrameworksBuildPhase section */

/* Begin PBXGroup section */
		ED08F46827F36E9F00BC0E13 = {
			isa = PBXGroup;
			children = (
				ED08F47327F36E9F00BC0E13 /* CurriculumApp */,
				ED08F47227F36E9F00BC0E13 /* Products */,
			);
			sourceTree = "<group>";
		};
		ED08F47227F36E9F00BC0E13 /* Products */ = {
			isa = PBXGroup;
			children = (
				ED08F47127F36E9F00BC0E13 /* CurriculumApp.app */,
			);
			name = Products;
			sourceTree = "<group>";
		};
		ED08F47327F36E9F00BC0E13 /* CurriculumApp */ = {
			isa = PBXGroup;
			children = (
				ED08F47427F36E9F00BC0E13 /* CurriculumAppApp.swift */,
				ED67509627FECE0B00911BF4 /* Model */,
				ED5EFF9327F4B8E2008D9E87 /* Helper */,
				ED08F4C727F4979F00BC0E13 /* Screen */,
				ED67509727FECE1200911BF4 /* ViewModel */,
				ED67509127FEC56600911BF4 /* Data */,
				ED08F47827F36EA200BC0E13 /* Assets.xcassets */,
				ED08F47A27F36EA200BC0E13 /* Preview Content */,
			);
			path = CurriculumApp;
			sourceTree = "<group>";
		};
		ED08F47A27F36EA200BC0E13 /* Preview Content */ = {
			isa = PBXGroup;
			children = (
				ED08F47B27F36EA200BC0E13 /* Preview Assets.xcassets */,
			);
			path = "Preview Content";
			sourceTree = "<group>";
		};
		ED08F4C727F4979F00BC0E13 /* Screen */ = {
			isa = PBXGroup;
			children = (
				ED08F47627F36E9F00BC0E13 /* ContentView.swift */,
				ED08F4C527F492DC00BC0E13 /* WelcomeView.swift */,
				ED67508527FDEA7100911BF4 /* HomeView.swift */,
				ED08F4C827F497AD00BC0E13 /* View */,
			);
			path = Screen;
			sourceTree = "<group>";
		};
		ED08F4C827F497AD00BC0E13 /* View */ = {
			isa = PBXGroup;
			children = (
				EDFDFE2B281137F80022F113 /* Curriculum */,
				EDFDFE2A281137320022F113 /* Project */,
				EDFDFE29281137220022F113 /* Course */,
				EDFDFE28281137160022F113 /* Passion */,
			);
			path = View;
			sourceTree = "<group>";
		};
		ED5EFF9327F4B8E2008D9E87 /* Helper */ = {
			isa = PBXGroup;
			children = (
				EDFDFE3028114E7D0022F113 /* RoundedCorner.swift */,
			);
			path = Helper;
			sourceTree = "<group>";
		};
		ED67509127FEC56600911BF4 /* Data */ = {
			isa = PBXGroup;
			children = (
				ED67509427FECD8900911BF4 /* courses.json */,
				EDFDFE1B2810373B0022F113 /* passions.json */,
			);
			path = Data;
			sourceTree = "<group>";
		};
		ED67509627FECE0B00911BF4 /* Model */ = {
			isa = PBXGroup;
			children = (
				EDFDFE2528104A920022F113 /* Passion */,
				EDFDFE2428104A8B0022F113 /* Course */,
			);
			path = Model;
			sourceTree = "<group>";
		};
		ED67509727FECE1200911BF4 /* ViewModel */ = {
			isa = PBXGroup;
			children = (
				ED67509A27FECE8200911BF4 /* CourseViewModel.swift */,
				EDFDFE21281038080022F113 /* PassionViewModel.swift */,
			);
			path = ViewModel;
			sourceTree = "<group>";
		};
		EDFDFE2428104A8B0022F113 /* Course */ = {
			isa = PBXGroup;
			children = (
				ED67509827FECE3100911BF4 /* CourseData.swift */,
				ED67509C27FEE2F400911BF4 /* CourseModel.swift */,
			);
			path = Course;
			sourceTree = "<group>";
		};
		EDFDFE2528104A920022F113 /* Passion */ = {
			isa = PBXGroup;
			children = (
				EDFDFE1D281037B20022F113 /* PassionData.swift */,
				EDFDFE1F281037D70022F113 /* PassionModel.swift */,
			);
			path = Passion;
			sourceTree = "<group>";
		};
		EDFDFE28281137160022F113 /* Passion */ = {
			isa = PBXGroup;
			children = (
				EDFDFE26281132B90022F113 /* PassionItemView.swift */,
				ED67508B27FDEA9300911BF4 /* PassionView.swift */,
				EDFDFE2E28114CE10022F113 /* PassionSheetView.swift */,
			);
			path = Passion;
			sourceTree = "<group>";
		};
		EDFDFE29281137220022F113 /* Course */ = {
			isa = PBXGroup;
			children = (
				ED6F355927FF59530059F763 /* CourseView.swift */,
				ED67508D27FDEB9400911BF4 /* CourseItemView.swift */,
			);
			path = Course;
			sourceTree = "<group>";
		};
		EDFDFE2A281137320022F113 /* Project */ = {
			isa = PBXGroup;
			children = (
				EDAA8CB42801B4190033C6AF /* ProjectsItemView.swift */,
				EDAA8CB62801B66C0033C6AF /* ProjectsView.swift */,
			);
			path = Project;
			sourceTree = "<group>";
		};
		EDFDFE2B281137F80022F113 /* Curriculum */ = {
			isa = PBXGroup;
			children = (
				ED67508727FDEA7B00911BF4 /* CurriculumView.swift */,
			);
			path = Curriculum;
			sourceTree = "<group>";
		};
/* End PBXGroup section */

/* Begin PBXNativeTarget section */
		ED08F47027F36E9F00BC0E13 /* CurriculumApp */ = {
			isa = PBXNativeTarget;
			buildConfigurationList = ED08F47F27F36EA200BC0E13 /* Build configuration list for PBXNativeTarget "CurriculumApp" */;
			buildPhases = (
				ED08F46D27F36E9F00BC0E13 /* Sources */,
				ED08F46E27F36E9F00BC0E13 /* Frameworks */,
				ED08F46F27F36E9F00BC0E13 /* Resources */,
			);
			buildRules = (
			);
			dependencies = (
			);
			name = CurriculumApp;
			productName = CurriculumApp;
			productReference = ED08F47127F36E9F00BC0E13 /* CurriculumApp.app */;
			productType = "com.apple.product-type.application";
		};
/* End PBXNativeTarget section */

/* Begin PBXProject section */
		ED08F46927F36E9F00BC0E13 /* Project object */ = {
			isa = PBXProject;
			attributes = {
				BuildIndependentTargetsInParallel = 1;
				LastSwiftUpdateCheck = 1330;
				LastUpgradeCheck = 1330;
				TargetAttributes = {
					ED08F47027F36E9F00BC0E13 = {
						CreatedOnToolsVersion = 13.3;
					};
				};
			};
			buildConfigurationList = ED08F46C27F36E9F00BC0E13 /* Build configuration list for PBXProject "CurriculumApp" */;
			compatibilityVersion = "Xcode 13.0";
			developmentRegion = en;
			hasScannedForEncodings = 0;
			knownRegions = (
				en,
				Base,
			);
			mainGroup = ED08F46827F36E9F00BC0E13;
			productRefGroup = ED08F47227F36E9F00BC0E13 /* Products */;
			projectDirPath = "";
			projectRoot = "";
			targets = (
				ED08F47027F36E9F00BC0E13 /* CurriculumApp */,
			);
		};
/* End PBXProject section */

/* Begin PBXResourcesBuildPhase section */
		ED08F46F27F36E9F00BC0E13 /* Resources */ = {
			isa = PBXResourcesBuildPhase;
			buildActionMask = 2147483647;
			files = (
				ED08F47C27F36EA200BC0E13 /* Preview Assets.xcassets in Resources */,
				EDFDFE232810492D0022F113 /* passions.json in Resources */,
				ED67509527FECD8900911BF4 /* courses.json in Resources */,
				ED08F47927F36EA200BC0E13 /* Assets.xcassets in Resources */,
			);
			runOnlyForDeploymentPostprocessing = 0;
		};
/* End PBXResourcesBuildPhase section */

/* Begin PBXSourcesBuildPhase section */
		ED08F46D27F36E9F00BC0E13 /* Sources */ = {
			isa = PBXSourcesBuildPhase;
			buildActionMask = 2147483647;
			files = (
				ED67509B27FECE8200911BF4 /* CourseViewModel.swift in Sources */,
				EDFDFE1E281037B20022F113 /* PassionData.swift in Sources */,
				EDFDFE3128114E7D0022F113 /* RoundedCorner.swift in Sources */,
				EDAA8CB52801B4190033C6AF /* ProjectsItemView.swift in Sources */,
				ED08F47727F36E9F00BC0E13 /* ContentView.swift in Sources */,
				ED08F4C627F492DC00BC0E13 /* WelcomeView.swift in Sources */,
				EDFDFE22281038080022F113 /* PassionViewModel.swift in Sources */,
				ED67508827FDEA7B00911BF4 /* CurriculumView.swift in Sources */,
				EDAA8CB72801B66C0033C6AF /* ProjectsView.swift in Sources */,
				ED67508C27FDEA9300911BF4 /* PassionView.swift in Sources */,
				ED67509D27FEE2F400911BF4 /* CourseModel.swift in Sources */,
				ED67508627FDEA7100911BF4 /* HomeView.swift in Sources */,
				EDFDFE27281132B90022F113 /* PassionItemView.swift in Sources */,
				EDFDFE2F28114CE10022F113 /* PassionSheetView.swift in Sources */,
				EDFDFE20281037D70022F113 /* PassionModel.swift in Sources */,
				ED67509927FECE3100911BF4 /* CourseData.swift in Sources */,
				ED6F355A27FF59530059F763 /* CourseView.swift in Sources */,
				ED08F47527F36E9F00BC0E13 /* CurriculumAppApp.swift in Sources */,
				ED67508E27FDEB9400911BF4 /* CourseItemView.swift in Sources */,
			);
			runOnlyForDeploymentPostprocessing = 0;
		};
/* End PBXSourcesBuildPhase section */

/* Begin XCBuildConfiguration section */
		ED08F47D27F36EA200BC0E13 /* Debug */ = {
			isa = XCBuildConfiguration;
			buildSettings = {
				ALWAYS_SEARCH_USER_PATHS = NO;
				CLANG_ANALYZER_NONNULL = YES;
				CLANG_ANALYZER_NUMBER_OBJECT_CONVERSION = YES_AGGRESSIVE;
				CLANG_CXX_LANGUAGE_STANDARD = "gnu++17";
				CLANG_ENABLE_MODULES = YES;
				CLANG_ENABLE_OBJC_ARC = YES;
				CLANG_ENABLE_OBJC_WEAK = YES;
				CLANG_WARN_BLOCK_CAPTURE_AUTORELEASING = YES;
				CLANG_WARN_BOOL_CONVERSION = YES;
				CLANG_WARN_COMMA = YES;
				CLANG_WARN_CONSTANT_CONVERSION = YES;
				CLANG_WARN_DEPRECATED_OBJC_IMPLEMENTATIONS = YES;
				CLANG_WARN_DIRECT_OBJC_ISA_USAGE = YES_ERROR;
				CLANG_WARN_DOCUMENTATION_COMMENTS = YES;
				CLANG_WARN_EMPTY_BODY = YES;
				CLANG_WARN_ENUM_CONVERSION = YES;
				CLANG_WARN_INFINITE_RECURSION = YES;
				CLANG_WARN_INT_CONVERSION = YES;
				CLANG_WARN_NON_LITERAL_NULL_CONVERSION = YES;
				CLANG_WARN_OBJC_IMPLICIT_RETAIN_SELF = YES;
				CLANG_WARN_OBJC_LITERAL_CONVERSION = YES;
				CLANG_WARN_OBJC_ROOT_CLASS = YES_ERROR;
				CLANG_WARN_QUOTED_INCLUDE_IN_FRAMEWORK_HEADER = YES;
				CLANG_WARN_RANGE_LOOP_ANALYSIS = YES;
				CLANG_WARN_STRICT_PROTOTYPES = YES;
				CLANG_WARN_SUSPICIOUS_MOVE = YES;
				CLANG_WARN_UNGUARDED_AVAILABILITY = YES_AGGRESSIVE;
				CLANG_WARN_UNREACHABLE_CODE = YES;
				CLANG_WARN__DUPLICATE_METHOD_MATCH = YES;
				COPY_PHASE_STRIP = NO;
				DEBUG_INFORMATION_FORMAT = dwarf;
				ENABLE_STRICT_OBJC_MSGSEND = YES;
				ENABLE_TESTABILITY = YES;
				GCC_C_LANGUAGE_STANDARD = gnu11;
				GCC_DYNAMIC_NO_PIC = NO;
				GCC_NO_COMMON_BLOCKS = YES;
				GCC_OPTIMIZATION_LEVEL = 0;
				GCC_PREPROCESSOR_DEFINITIONS = (
					"DEBUG=1",
					"$(inherited)",
				);
				GCC_WARN_64_TO_32_BIT_CONVERSION = YES;
				GCC_WARN_ABOUT_RETURN_TYPE = YES_ERROR;
				GCC_WARN_UNDECLARED_SELECTOR = YES;
				GCC_WARN_UNINITIALIZED_AUTOS = YES_AGGRESSIVE;
				GCC_WARN_UNUSED_FUNCTION = YES;
				GCC_WARN_UNUSED_VARIABLE = YES;
				IPHONEOS_DEPLOYMENT_TARGET = 15.4;
				MTL_ENABLE_DEBUG_INFO = INCLUDE_SOURCE;
				MTL_FAST_MATH = YES;
				ONLY_ACTIVE_ARCH = YES;
				SDKROOT = iphoneos;
				SWIFT_ACTIVE_COMPILATION_CONDITIONS = DEBUG;
				SWIFT_OPTIMIZATION_LEVEL = "-Onone";
			};
			name = Debug;
		};
		ED08F47E27F36EA200BC0E13 /* Release */ = {
			isa = XCBuildConfiguration;
			buildSettings = {
				ALWAYS_SEARCH_USER_PATHS = NO;
				CLANG_ANALYZER_NONNULL = YES;
				CLANG_ANALYZER_NUMBER_OBJECT_CONVERSION = YES_AGGRESSIVE;
				CLANG_CXX_LANGUAGE_STANDARD = "gnu++17";
				CLANG_ENABLE_MODULES = YES;
				CLANG_ENABLE_OBJC_ARC = YES;
				CLANG_ENABLE_OBJC_WEAK = YES;
				CLANG_WARN_BLOCK_CAPTURE_AUTORELEASING = YES;
				CLANG_WARN_BOOL_CONVERSION = YES;
				CLANG_WARN_COMMA = YES;
				CLANG_WARN_CONSTANT_CONVERSION = YES;
				CLANG_WARN_DEPRECATED_OBJC_IMPLEMENTATIONS = YES;
				CLANG_WARN_DIRECT_OBJC_ISA_USAGE = YES_ERROR;
				CLANG_WARN_DOCUMENTATION_COMMENTS = YES;
				CLANG_WARN_EMPTY_BODY = YES;
				CLANG_WARN_ENUM_CONVERSION = YES;
				CLANG_WARN_INFINITE_RECURSION = YES;
				CLANG_WARN_INT_CONVERSION = YES;
				CLANG_WARN_NON_LITERAL_NULL_CONVERSION = YES;
				CLANG_WARN_OBJC_IMPLICIT_RETAIN_SELF = YES;
				CLANG_WARN_OBJC_LITERAL_CONVERSION = YES;
				CLANG_WARN_OBJC_ROOT_CLASS = YES_ERROR;
				CLANG_WARN_QUOTED_INCLUDE_IN_FRAMEWORK_HEADER = YES;
				CLANG_WARN_RANGE_LOOP_ANALYSIS = YES;
				CLANG_WARN_STRICT_PROTOTYPES = YES;
				CLANG_WARN_SUSPICIOUS_MOVE = YES;
				CLANG_WARN_UNGUARDED_AVAILABILITY = YES_AGGRESSIVE;
				CLANG_WARN_UNREACHABLE_CODE = YES;
				CLANG_WARN__DUPLICATE_METHOD_MATCH = YES;
				COPY_PHASE_STRIP = NO;
				DEBUG_INFORMATION_FORMAT = "dwarf-with-dsym";
				ENABLE_NS_ASSERTIONS = NO;
				ENABLE_STRICT_OBJC_MSGSEND = YES;
				GCC_C_LANGUAGE_STANDARD = gnu11;
				GCC_NO_COMMON_BLOCKS = YES;
				GCC_WARN_64_TO_32_BIT_CONVERSION = YES;
				GCC_WARN_ABOUT_RETURN_TYPE = YES_ERROR;
				GCC_WARN_UNDECLARED_SELECTOR = YES;
				GCC_WARN_UNINITIALIZED_AUTOS = YES_AGGRESSIVE;
				GCC_WARN_UNUSED_FUNCTION = YES;
				GCC_WARN_UNUSED_VARIABLE = YES;
				IPHONEOS_DEPLOYMENT_TARGET = 15.4;
				MTL_ENABLE_DEBUG_INFO = NO;
				MTL_FAST_MATH = YES;
				SDKROOT = iphoneos;
				SWIFT_COMPILATION_MODE = wholemodule;
				SWIFT_OPTIMIZATION_LEVEL = "-O";
				VALIDATE_PRODUCT = YES;
			};
			name = Release;
		};
		ED08F48027F36EA200BC0E13 /* Debug */ = {
			isa = XCBuildConfiguration;
			buildSettings = {
				ASSETCATALOG_COMPILER_APPICON_NAME = AppIcon;
				ASSETCATALOG_COMPILER_GLOBAL_ACCENT_COLOR_NAME = AccentColor;
				CODE_SIGN_STYLE = Automatic;
				CURRENT_PROJECT_VERSION = 1;
				DEVELOPMENT_ASSET_PATHS = "\"CurriculumApp/Preview Content\"";
				DEVELOPMENT_TEAM = F62AUDJRUG;
				ENABLE_PREVIEWS = YES;
				GENERATE_INFOPLIST_FILE = YES;
				INFOPLIST_KEY_UIApplicationSceneManifest_Generation = YES;
				INFOPLIST_KEY_UIApplicationSupportsIndirectInputEvents = YES;
				INFOPLIST_KEY_UILaunchScreen_Generation = YES;
				INFOPLIST_KEY_UISupportedInterfaceOrientations_iPad = "UIInterfaceOrientationPortrait UIInterfaceOrientationPortraitUpsideDown UIInterfaceOrientationLandscapeLeft UIInterfaceOrientationLandscapeRight";
				INFOPLIST_KEY_UISupportedInterfaceOrientations_iPhone = "UIInterfaceOrientationPortrait UIInterfaceOrientationLandscapeLeft UIInterfaceOrientationLandscapeRight";
				LD_RUNPATH_SEARCH_PATHS = (
					"$(inherited)",
					"@executable_path/Frameworks",
				);
				MARKETING_VERSION = 1.0;
				PRODUCT_BUNDLE_IDENTIFIER = com.ottavianellisimone.CurriculumApp;
				PRODUCT_NAME = "$(TARGET_NAME)";
				SWIFT_EMIT_LOC_STRINGS = YES;
				SWIFT_VERSION = 5.0;
				TARGETED_DEVICE_FAMILY = "1,2";
			};
			name = Debug;
		};
		ED08F48127F36EA200BC0E13 /* Release */ = {
			isa = XCBuildConfiguration;
			buildSettings = {
				ASSETCATALOG_COMPILER_APPICON_NAME = AppIcon;
				ASSETCATALOG_COMPILER_GLOBAL_ACCENT_COLOR_NAME = AccentColor;
				CODE_SIGN_STYLE = Automatic;
				CURRENT_PROJECT_VERSION = 1;
				DEVELOPMENT_ASSET_PATHS = "\"CurriculumApp/Preview Content\"";
				DEVELOPMENT_TEAM = F62AUDJRUG;
				ENABLE_PREVIEWS = YES;
				GENERATE_INFOPLIST_FILE = YES;
				INFOPLIST_KEY_UIApplicationSceneManifest_Generation = YES;
				INFOPLIST_KEY_UIApplicationSupportsIndirectInputEvents = YES;
				INFOPLIST_KEY_UILaunchScreen_Generation = YES;
				INFOPLIST_KEY_UISupportedInterfaceOrientations_iPad = "UIInterfaceOrientationPortrait UIInterfaceOrientationPortraitUpsideDown UIInterfaceOrientationLandscapeLeft UIInterfaceOrientationLandscapeRight";
				INFOPLIST_KEY_UISupportedInterfaceOrientations_iPhone = "UIInterfaceOrientationPortrait UIInterfaceOrientationLandscapeLeft UIInterfaceOrientationLandscapeRight";
				LD_RUNPATH_SEARCH_PATHS = (
					"$(inherited)",
					"@executable_path/Frameworks",
				);
				MARKETING_VERSION = 1.0;
				PRODUCT_BUNDLE_IDENTIFIER = com.ottavianellisimone.CurriculumApp;
				PRODUCT_NAME = "$(TARGET_NAME)";
				SWIFT_EMIT_LOC_STRINGS = YES;
				SWIFT_VERSION = 5.0;
				TARGETED_DEVICE_FAMILY = "1,2";
			};
			name = Release;
		};
/* End XCBuildConfiguration section */

/* Begin XCConfigurationList section */
		ED08F46C27F36E9F00BC0E13 /* Build configuration list for PBXProject "CurriculumApp" */ = {
			isa = XCConfigurationList;
			buildConfigurations = (
				ED08F47D27F36EA200BC0E13 /* Debug */,
				ED08F47E27F36EA200BC0E13 /* Release */,
			);
			defaultConfigurationIsVisible = 0;
			defaultConfigurationName = Release;
		};
		ED08F47F27F36EA200BC0E13 /* Build configuration list for PBXNativeTarget "CurriculumApp" */ = {
			isa = XCConfigurationList;
			buildConfigurations = (
				ED08F48027F36EA200BC0E13 /* Debug */,
				ED08F48127F36EA200BC0E13 /* Release */,
			);
			defaultConfigurationIsVisible = 0;
			defaultConfigurationName = Release;
		};
/* End XCConfigurationList section */
	};
	rootObject = ED08F46927F36E9F00BC0E13 /* Project object */;
}
